lockfileVersion: 5.4

specifiers:
  '@types/node': ^18.7.18
  got: ^12.5.0
  typescript: ^4.8.3

dependencies:
  got: 12.5.0

devDependencies:
  '@types/node': 18.7.18
  typescript: 4.8.3

packages:

  /@sindresorhus/is/5.3.0:
    resolution: {integrity: sha512-CX6t4SYQ37lzxicAqsBtxA3OseeoVrh9cSJ5PFYam0GksYlupRfy1A+Q4aYD3zvcfECLc0zO2u+ZnR2UYKvCrw==}
    engines: {node: '>=14.16'}
    dev: false

  /@szmarczak/http-timer/5.0.1:
    resolution: {integrity: sha512-+PmQX0PiAYPMeVYe237LJAYvOMYW1j2rH5YROyS3b4CTVJum34HfRvKvAzozHAQG0TnHNdUfY9nCeUyRAs//cw==}
    engines: {node: '>=14.16'}
    dependencies:
      defer-to-connect: 2.0.1
    dev: false

  /@types/node/18.7.18:
    resolution: {integrity: sha512-m+6nTEOadJZuTPkKR/SYK3A2d7FZrgElol9UP1Kae90VVU4a6mxnPuLiIW1m4Cq4gZ/nWb9GrdVXJCoCazDAbg==}
    dev: true

  /cacheable-lookup/6.1.0:
    resolution: {integrity: sha512-KJ/Dmo1lDDhmW2XDPMo+9oiy/CeqosPguPCrgcVzKyZrL6pM1gU2GmPY/xo6OQPTUaA/c0kwHuywB4E6nmT9ww==}
    engines: {node: '>=10.6.0'}
    dev: false

  /cacheable-request/10.2.0:
    resolution: {integrity: sha512-PLOMmzyOU3L5HECdZC0PTNawPdP/taOhCNrYUmZchrw7gwERMctfx2wZcndb63w5W06PTHC1Poq89J9chMZPLw==}
    engines: {node: '>=14.16'}
    dependencies:
      get-stream: 6.0.1
      http-cache-semantics: 4.1.0
      keyv: 4.5.0
      mimic-response: 4.0.0
      normalize-url: 7.1.0
      responselike: 3.0.0
    dev: false

  /decompress-response/6.0.0:
    resolution: {integrity: sha512-aW35yZM6Bb/4oJlZncMH2LCoZtJXTRxES17vE3hoRiowU2kWHaJKFkSBDnDR+cm9J+9QhXmREyIfv0pji9ejCQ==}
    engines: {node: '>=10'}
    dependencies:
      mimic-response: 3.1.0
    dev: false

  /defer-to-connect/2.0.1:
    resolution: {integrity: sha512-4tvttepXG1VaYGrRibk5EwJd1t4udunSOVMdLSAL6mId1ix438oPwPZMALY41FCijukO1L0twNcGsdzS7dHgDg==}
    engines: {node: '>=10'}
    dev: false

  /form-data-encoder/2.1.2:
    resolution: {integrity: sha512-FCaIOVTRA9E0siY6FeXid7D5yrCqpsErplUkE2a1BEiKj1BE9z6FbKB4ntDTwC4NVLie9p+4E9nX4mWwEOT05A==}
    engines: {node: '>= 14.17'}
    dev: false

  /get-stream/6.0.1:
    resolution: {integrity: sha512-ts6Wi+2j3jQjqi70w5AlN8DFnkSwC+MqmxEzdEALB2qXZYV3X/b1CTfgPLGJNMeAWxdPfU8FO1ms3NUfaHCPYg==}
    engines: {node: '>=10'}
    dev: false

  /got/12.5.0:
    resolution: {integrity: sha512-/Bneo/L6bLN1wDyJCeRZ3CLoixvwb9v3rE3IHulFSfTHwP85xSr4QatA8K0c6GlL5+mc4IZ57BzluNZJiXvHIg==}
    engines: {node: '>=14.16'}
    dependencies:
      '@sindresorhus/is': 5.3.0
      '@szmarczak/http-timer': 5.0.1
      cacheable-lookup: 6.1.0
      cacheable-request: 10.2.0
      decompress-response: 6.0.0
      form-data-encoder: 2.1.2
      get-stream: 6.0.1
      http2-wrapper: 2.1.11
      lowercase-keys: 3.0.0
      p-cancelable: 3.0.0
      responselike: 3.0.0
    dev: false

  /http-cache-semantics/4.1.0:
    resolution: {integrity: sha512-carPklcUh7ROWRK7Cv27RPtdhYhUsela/ue5/jKzjegVvXDqM2ILE9Q2BGn9JZJh1g87cp56su/FgQSzcWS8cQ==}
    dev: false

  /http2-wrapper/2.1.11:
    resolution: {integrity: sha512-aNAk5JzLturWEUiuhAN73Jcbq96R7rTitAoXV54FYMatvihnpD2+6PUgU4ce3D/m5VDbw+F5CsyKSF176ptitQ==}
    engines: {node: '>=10.19.0'}
    dependencies:
      quick-lru: 5.1.1
      resolve-alpn: 1.2.1
    dev: false

  /json-buffer/3.0.1:
    resolution: {integrity: sha512-4bV5BfR2mqfQTJm+V5tPPdf+ZpuhiIvTuAB5g8kcrXOZpTT/QwwVRWBywX1ozr6lEuPdbHxwaJlm9G6mI2sfSQ==}
    dev: false

  /keyv/4.5.0:
    resolution: {integrity: sha512-2YvuMsA+jnFGtBareKqgANOEKe1mk3HKiXu2fRmAfyxG0MJAywNhi5ttWA3PMjl4NmpyjZNbFifR2vNjW1znfA==}
    dependencies:
      json-buffer: 3.0.1
    dev: false

  /lowercase-keys/3.0.0:
    resolution: {integrity: sha512-ozCC6gdQ+glXOQsveKD0YsDy8DSQFjDTz4zyzEHNV5+JP5D62LmfDZ6o1cycFx9ouG940M5dE8C8CTewdj2YWQ==}
    engines: {node: ^12.20.0 || ^14.13.1 || >=16.0.0}
    dev: false

  /mimic-response/3.1.0:
    resolution: {integrity: sha512-z0yWI+4FDrrweS8Zmt4Ej5HdJmky15+L2e6Wgn3+iK5fWzb6T3fhNFq2+MeTRb064c6Wr4N/wv0DzQTjNzHNGQ==}
    engines: {node: '>=10'}
    dev: false

  /mimic-response/4.0.0:
    resolution: {integrity: sha512-e5ISH9xMYU0DzrT+jl8q2ze9D6eWBto+I8CNpe+VI+K2J/F/k3PdkdTdz4wvGVH4NTpo+NRYTVIuMQEMMcsLqg==}
    engines: {node: ^12.20.0 || ^14.13.1 || >=16.0.0}
    dev: false

  /normalize-url/7.1.0:
    resolution: {integrity: sha512-JgkdydFdLe1E5Q7DpLvKVyBZOOwXYGhIbMbOMm3lJ06XKzaiit+qo1HciO3z3IFklStfarzJHVQf9ZcNPTvZlw==}
    engines: {node: '>=12.20'}
    dev: false

  /p-cancelable/3.0.0:
    resolution: {integrity: sha512-mlVgR3PGuzlo0MmTdk4cXqXWlwQDLnONTAg6sm62XkMJEiRxN3GL3SffkYvqwonbkJBcrI7Uvv5Zh9yjvn2iUw==}
    engines: {node: '>=12.20'}
    dev: false

  /quick-lru/5.1.1:
    resolution: {integrity: sha512-WuyALRjWPDGtt/wzJiadO5AXY+8hZ80hVpe6MyivgraREW751X3SbhRvG3eLKOYN+8VEvqLcf3wdnt44Z4S4SA==}
    engines: {node: '>=10'}
    dev: false

  /resolve-alpn/1.2.1:
    resolution: {integrity: sha512-0a1F4l73/ZFZOakJnQ3FvkJ2+gSTQWz/r2KE5OdDY0TxPm5h4GkqkWWfM47T7HsbnOtcJVEF4epCVy6u7Q3K+g==}
    dev: false

  /responselike/3.0.0:
    resolution: {integrity: sha512-40yHxbNcl2+rzXvZuVkrYohathsSJlMTXKryG5y8uciHv1+xDLHQpgjG64JUO9nrEq2jGLH6IZ8BcZyw3wrweg==}
    engines: {node: '>=14.16'}
    dependencies:
      lowercase-keys: 3.0.0
    dev: false

  /typescript/4.8.3:
    resolution: {integrity: sha512-goMHfm00nWPa8UvR/CPSvykqf6dVV8x/dp0c5mFTMTIu0u0FlGWRioyy7Nn0PGAdHxpJZnuO/ut+PpQ8UiHAig==}
    engines: {node: '>=4.2.0'}
    hasBin: true
    dev: true
